dependencies:
  ovior/lcd_controller:
    component_hash: null
    source:
      path: /Users/danygagnon/esp/traffic/components/lcd_controller
      type: local
    version: '*'
  ovior/mode:
    component_hash: null
    source:
      path: /Users/danygagnon/esp/traffic/components/mode
      type: local
    version: '*'
  ovior/simulation:
    component_hash: null
    source:
      path: /Users/danygagnon/esp/traffic/components/simulation
      type: local
    version: '*'
  ovior/sonar:
    component_hash: null
    source:
      path: /Users/danygagnon/esp/traffic/components/sonar
      type: local
    version: '*'
  ovior/traffic_light:
    component_hash: null
    source:
      path: /Users/danygagnon/esp/traffic/components/traffic_light
      type: local
    version: '*'
manifest_hash: c96530b9890b7f766b5bc5bc485b74398576fc93bbf551addc53e6773b01c416
target: esp32
version: 1.0.0
